// !$*UTF8*$!
{
	archiveVersion = 1;
	classes = {
	};
	objectVersion = 56;
	objects = {

/* Begin PBXBuildFile section */
		E7B6C10012345678 /* ClaudeGUIApp.swift in Sources */ = {isa = PBXBuildFile; fileRef = E7B6C02012345678 /* ClaudeGUIApp.swift */; };
		E7B6C10112345678 /* MainWindowController.swift in Sources */ = {isa = PBXBuildFile; fileRef = E7B6C02112345678 /* MainWindowController.swift */; };
		E7B6C10212345678 /* Session.swift in Sources */ = {isa = PBXBuildFile; fileRef = E7B6C02212345678 /* Session.swift */; };
		E7B6C10312345678 /* SessionManager.swift in Sources */ = {isa = PBXBuildFile; fileRef = E7B6C02312345678 /* SessionManager.swift */; };
		E7B6C10412345678 /* TerminalService.swift in Sources */ = {isa = PBXBuildFile; fileRef = E7B6C02412345678 /* TerminalService.swift */; };
		E7B6C10512345678 /* ContentView.swift in Sources */ = {isa = PBXBuildFile; fileRef = E7B6C02512345678 /* ContentView.swift */; };
		E7B6C10612345678 /* TabBarView.swift in Sources */ = {isa = PBXBuildFile; fileRef = E7B6C02612345678 /* TabBarView.swift */; };
		E7B6C10712345678 /* TerminalView.swift in Sources */ = {isa = PBXBuildFile; fileRef = E7B6C02712345678 /* TerminalView.swift */; };
		E7B6C10812345678 /* WelcomeView.swift in Sources */ = {isa = PBXBuildFile; fileRef = E7B6C02812345678 /* WelcomeView.swift */; };
		E7B6C10912345678 /* Localization.swift in Sources */ = {isa = PBXBuildFile; fileRef = E7B6C02912345678 /* Localization.swift */; };
		E7B6C10A12345678 /* DragDropTerminalView.swift in Sources */ = {isa = PBXBuildFile; fileRef = E7B6C02A12345678 /* DragDropTerminalView.swift */; };
		E7B6C10B12345678 /* Theme.swift in Sources */ = {isa = PBXBuildFile; fileRef = E7B6C02B12345678 /* Theme.swift */; };
		E7B6C10C12345678 /* EnvironmentChecker.swift in Sources */ = {isa = PBXBuildFile; fileRef = E7B6C02C12345678 /* EnvironmentChecker.swift */; };
		E7B6C10D12345678 /* AboutView.swift in Sources */ = {isa = PBXBuildFile; fileRef = E7B6C02D12345678 /* AboutView.swift */; };
		E7B6C10F12345678 /* PermissionMode.swift in Sources */ = {isa = PBXBuildFile; fileRef = E7B6C02F12345678 /* PermissionMode.swift */; };
		E7B6C10E12345678 /* AppIcon.icns in Resources */ = {isa = PBXBuildFile; fileRef = E7B6C02E12345678 /* AppIcon.icns */; };
		E7B6C20112345678 /* SwiftTerm in Frameworks */ = {isa = PBXBuildFile; productRef = E7B6C20012345678 /* SwiftTerm */; };
/* End PBXBuildFile section */

/* Begin PBXFileReference section */
		E7B6C02012345678 /* ClaudeGUIApp.swift */ = {isa = PBXFileReference; lastKnownFileType = sourcecode.swift; path = ClaudeGUIApp.swift; sourceTree = "<group>"; };
		E7B6C02112345678 /* MainWindowController.swift */ = {isa = PBXFileReference; lastKnownFileType = sourcecode.swift; path = MainWindowController.swift; sourceTree = "<group>"; };
		E7B6C02212345678 /* Session.swift */ = {isa = PBXFileReference; lastKnownFileType = sourcecode.swift; path = Session.swift; sourceTree = "<group>"; };
		E7B6C02312345678 /* SessionManager.swift */ = {isa = PBXFileReference; lastKnownFileType = sourcecode.swift; path = SessionManager.swift; sourceTree = "<group>"; };
		E7B6C02F12345678 /* PermissionMode.swift */ = {isa = PBXFileReference; lastKnownFileType = sourcecode.swift; path = PermissionMode.swift; sourceTree = "<group>"; };
		E7B6C02412345678 /* TerminalService.swift */ = {isa = PBXFileReference; lastKnownFileType = sourcecode.swift; path = TerminalService.swift; sourceTree = "<group>"; };
		E7B6C02512345678 /* ContentView.swift */ = {isa = PBXFileReference; lastKnownFileType = sourcecode.swift; path = ContentView.swift; sourceTree = "<group>"; };
		E7B6C02612345678 /* TabBarView.swift */ = {isa = PBXFileReference; lastKnownFileType = sourcecode.swift; path = TabBarView.swift; sourceTree = "<group>"; };
		E7B6C02712345678 /* TerminalView.swift */ = {isa = PBXFileReference; lastKnownFileType = sourcecode.swift; path = TerminalView.swift; sourceTree = "<group>"; };
		E7B6C02812345678 /* WelcomeView.swift */ = {isa = PBXFileReference; lastKnownFileType = sourcecode.swift; path = WelcomeView.swift; sourceTree = "<group>"; };
		E7B6C02912345678 /* Localization.swift */ = {isa = PBXFileReference; lastKnownFileType = sourcecode.swift; path = Localization.swift; sourceTree = "<group>"; };
		E7B6C02A12345678 /* DragDropTerminalView.swift */ = {isa = PBXFileReference; lastKnownFileType = sourcecode.swift; path = DragDropTerminalView.swift; sourceTree = "<group>"; };
		E7B6C02B12345678 /* Theme.swift */ = {isa = PBXFileReference; lastKnownFileType = sourcecode.swift; path = Theme.swift; sourceTree = "<group>"; };
		E7B6C02C12345678 /* EnvironmentChecker.swift */ = {isa = PBXFileReference; lastKnownFileType = sourcecode.swift; path = EnvironmentChecker.swift; sourceTree = "<group>"; };
		E7B6C02D12345678 /* AboutView.swift */ = {isa = PBXFileReference; lastKnownFileType = sourcecode.swift; path = AboutView.swift; sourceTree = "<group>"; };
		E7B6C02E12345678 /* AppIcon.icns */ = {isa = PBXFileReference; lastKnownFileType = image.icns; path = AppIcon.icns; sourceTree = "<group>"; };
		E7B6C09012345678 /* ClaudeGUI.app */ = {isa = PBXFileReference; explicitFileType = wrapper.application; includeInIndex = 0; path = ClaudeGUI.app; sourceTree = BUILT_PRODUCTS_DIR; };
		E7B6C09112345678 /* ClaudeGUI.entitlements */ = {isa = PBXFileReference; lastKnownFileType = text.plist.entitlements; path = ClaudeGUI/ClaudeGUI.entitlements; sourceTree = SOURCE_ROOT; };
/* End PBXFileReference section */

/* Begin PBXFrameworksBuildPhase section */
		E7B6C08112345678 /* Frameworks */ = {
			isa = PBXFrameworksBuildPhase;
			buildActionMask = 2147483647;
			files = (
				E7B6C20112345678 /* SwiftTerm in Frameworks */,
			);
			runOnlyForDeploymentPostprocessing = 0;
		};
/* End PBXFrameworksBuildPhase section */

/* Begin PBXResourcesBuildPhase section */
		E7B6C07E12345678 /* Resources */ = {
			isa = PBXResourcesBuildPhase;
			buildActionMask = 2147483647;
			files = (
				E7B6C10E12345678 /* AppIcon.icns in Resources */,
			);
			runOnlyForDeploymentPostprocessing = 0;
		};
/* End PBXResourcesBuildPhase section */

/* Begin PBXGroup section */
		E7B6C0D112345678 /* = mainGroup */ = {
			isa = PBXGroup;
			children = (
				E7B6C0D212345678 /* ClaudeGUI */,
				E7B6C09112345678 /* ClaudeGUI.entitlements */,
				E7B6C0D912345678 /* Products */,
			);
			sourceTree = "<group>";
		};
		E7B6C0D212345678 /* ClaudeGUI */ = {
			isa = PBXGroup;
			children = (
				E7B6C02012345678 /* ClaudeGUIApp.swift */,
				E7B6C02112345678 /* MainWindowController.swift */,
				E7B6C02912345678 /* Localization.swift */,
				E7B6C02B12345678 /* Theme.swift */,
				E7B6C02E12345678 /* AppIcon.icns */,
				E7B6C0D312345678 /* Models */,
				E7B6C0D412345678 /* Services */,
				E7B6C0D512345678 /* Views */,
			);
			path = Sources/ClaudeGUI;
			sourceTree = "<group>";
		};
		E7B6C0D312345678 /* Models */ = {
			isa = PBXGroup;
			children = (
				E7B6C02212345678 /* Session.swift */,
				E7B6C02312345678 /* SessionManager.swift */,
				E7B6C02F12345678 /* PermissionMode.swift */,
			);
			path = Models;
			sourceTree = "<group>";
		};
		E7B6C0D412345678 /* Services */ = {
			isa = PBXGroup;
			children = (
				E7B6C02412345678 /* TerminalService.swift */,
				E7B6C02C12345678 /* EnvironmentChecker.swift */,
			);
			path = Services;
			sourceTree = "<group>";
		};
		E7B6C0D512345678 /* Views */ = {
			isa = PBXGroup;
			children = (
				E7B6C02512345678 /* ContentView.swift */,
				E7B6C02612345678 /* TabBarView.swift */,
				E7B6C02712345678 /* TerminalView.swift */,
				E7B6C02812345678 /* WelcomeView.swift */,
				E7B6C02A12345678 /* DragDropTerminalView.swift */,
				E7B6C02D12345678 /* AboutView.swift */,
			);
			path = Views;
			sourceTree = "<group>";
		};
		E7B6C0D912345678 /* Products */ = {
			isa = PBXGroup;
			children = (
				E7B6C09012345678 /* ClaudeGUI.app */,
			);
			name = Products;
			sourceTree = "<group>";
		};
/* End PBXGroup section */

/* Begin PBXNativeTarget section */
		E7B6C08012345678 /* ClaudeGUI */ = {
			isa = PBXNativeTarget;
			buildConfigurationList = E7B6C08212345678 /* Build configuration list for PBXNativeTarget "ClaudeGUI" */;
			buildPhases = (
				E7B6C07F12345678 /* Sources */,
				E7B6C08112345678 /* Frameworks */,
				E7B6C07E12345678 /* Resources */,
				E7B6C07D12345678 /* Add Icon to Info.plist */,
			);
			buildRules = (
			);
			dependencies = (
			);
			name = ClaudeGUI;
			packageProductDependencies = (
				E7B6C20012345678 /* SwiftTerm */,
			);
			productName = ClaudeGUI;
			productReference = E7B6C09012345678 /* ClaudeGUI.app */;
			productType = "com.apple.product-type.application";
		};
/* End PBXNativeTarget section */

/* Begin PBXProject section */
		E7B6C0D012345678 /* Project object */ = {
			isa = PBXProject;
			attributes = {
				BuildIndependentTargetsInParallel = 1;
				LastSwiftUpdateCheck = 1500;
				LastUpgradeCheck = 1500;
			};
			buildConfigurationList = E7B6C0D712345678 /* Build configuration list for PBXProject "ClaudeGUI" */;
			compatibilityVersion = "Xcode 14.0";
			developmentRegion = en;
			hasScannedForEncodings = 0;
			knownRegions = (
				en,
				Base,
			);
			mainGroup = E7B6C0D112345678;
			packageReferences = (
				E7B6C30012345678 /* XCLocalSwiftPackageReference "SwiftTerm" */,
			);
			productRefGroup = E7B6C0D912345678 /* Products */;
			projectDirPath = "";
			projectRoot = "";
			targets = (
				E7B6C08012345678 /* ClaudeGUI */,
			);
		};
/* End PBXProject section */

/* Begin PBXSourcesBuildPhase section */
		E7B6C07F12345678 /* Sources */ = {
			isa = PBXSourcesBuildPhase;
			buildActionMask = 2147483647;
			files = (
				E7B6C10012345678 /* ClaudeGUIApp.swift in Sources */,
				E7B6C10112345678 /* MainWindowController.swift in Sources */,
				E7B6C10212345678 /* Session.swift in Sources */,
				E7B6C10312345678 /* SessionManager.swift in Sources */,
				E7B6C10412345678 /* TerminalService.swift in Sources */,
				E7B6C10512345678 /* ContentView.swift in Sources */,
				E7B6C10612345678 /* TabBarView.swift in Sources */,
				E7B6C10712345678 /* TerminalView.swift in Sources */,
				E7B6C10812345678 /* WelcomeView.swift in Sources */,
				E7B6C10912345678 /* Localization.swift in Sources */,
				E7B6C10A12345678 /* DragDropTerminalView.swift in Sources */,
				E7B6C10B12345678 /* Theme.swift in Sources */,
				E7B6C10C12345678 /* EnvironmentChecker.swift in Sources */,
				E7B6C10D12345678 /* AboutView.swift in Sources */,
				E7B6C10F12345678 /* PermissionMode.swift in Sources */,
			);
			runOnlyForDeploymentPostprocessing = 0;
		};
/* End PBXSourcesBuildPhase section */

/* Begin PBXShellScriptBuildPhase section */
		E7B6C07D12345678 /* Add Icon to Info.plist */ = {
			isa = PBXShellScriptBuildPhase;
			buildActionMask = 2147483647;
			files = (
			);
			inputPaths = (
			);
			name = "Add Icon to Info.plist";
			outputPaths = (
			);
			runOnlyForDeploymentPostprocessing = 0;
			shellPath = /bin/bash;
			shellScript = "PLIST=\"$BUILT_PRODUCTS_DIR/$INFOPLIST_PATH\"\n/usr/libexec/PlistBuddy -c \"Add :CFBundleIconFile string AppIcon\" \"$PLIST\" 2>/dev/null || /usr/libexec/PlistBuddy -c \"Set :CFBundleIconFile AppIcon\" \"$PLIST\"\n/usr/libexec/PlistBuddy -c \"Add :CFBundleIconName string AppIcon\" \"$PLIST\" 2>/dev/null || /usr/libexec/PlistBuddy -c \"Set :CFBundleIconName AppIcon\" \"$PLIST\"\n";
		};
/* End PBXShellScriptBuildPhase section */

/* Begin XCBuildConfiguration section */
		E7B6C0D612345678 /* Debug */ = {
			isa = XCBuildConfiguration;
			buildSettings = {
				ALWAYS_SEARCH_USER_PATHS = NO;
				CLANG_ANALYZER_NONNULL = YES;
				CLANG_CXX_LANGUAGE_STANDARD = "gnu++20";
				CLANG_ENABLE_MODULES = YES;
				CLANG_ENABLE_OBJC_ARC = YES;
				COPY_PHASE_STRIP = NO;
				DEBUG_INFORMATION_FORMAT = dwarf;
				ENABLE_STRICT_OBJC_MSGSEND = YES;
				ENABLE_TESTABILITY = YES;
				GCC_C_LANGUAGE_STANDARD = gnu17;
				GCC_DYNAMIC_NO_PIC = NO;
				GCC_OPTIMIZATION_LEVEL = 0;
				GCC_PREPROCESSOR_DEFINITIONS = (
					"DEBUG=1",
					"$(inherited)",
				);
				GCC_WARN_ABOUT_RETURN_TYPE = YES_ERROR;
				GCC_WARN_UNINITIALIZED_AUTOS = YES_AGGRESSIVE;
				MACOSX_DEPLOYMENT_TARGET = 14.0;
				MTL_ENABLE_DEBUG_INFO = INCLUDE_SOURCE;
				ONLY_ACTIVE_ARCH = YES;
				SDKROOT = macosx;
				SWIFT_ACTIVE_COMPILATION_CONDITIONS = "DEBUG $(inherited)";
				SWIFT_OPTIMIZATION_LEVEL = "-Onone";
			};
			name = Debug;
		};
		E7B6C0D812345678 /* Release */ = {
			isa = XCBuildConfiguration;
			buildSettings = {
				ALWAYS_SEARCH_USER_PATHS = NO;
				CLANG_ANALYZER_NONNULL = YES;
				CLANG_CXX_LANGUAGE_STANDARD = "gnu++20";
				CLANG_ENABLE_MODULES = YES;
				CLANG_ENABLE_OBJC_ARC = YES;
				COPY_PHASE_STRIP = NO;
				DEBUG_INFORMATION_FORMAT = "dwarf-with-dsym";
				ENABLE_NS_ASSERTIONS = NO;
				ENABLE_STRICT_OBJC_MSGSEND = YES;
				GCC_C_LANGUAGE_STANDARD = gnu17;
				GCC_WARN_ABOUT_RETURN_TYPE = YES_ERROR;
				GCC_WARN_UNINITIALIZED_AUTOS = YES_AGGRESSIVE;
				MACOSX_DEPLOYMENT_TARGET = 14.0;
				MTL_ENABLE_DEBUG_INFO = NO;
				SDKROOT = macosx;
				SWIFT_COMPILATION_MODE = wholemodule;
			};
			name = Release;
		};
		E7B6C08312345678 /* Debug */ = {
			isa = XCBuildConfiguration;
			buildSettings = {
				CODE_SIGN_ENTITLEMENTS = ClaudeGUI/ClaudeGUI.entitlements;
				CODE_SIGN_STYLE = Automatic;
				COMBINE_HIDPI_IMAGES = YES;
				CURRENT_PROJECT_VERSION = 1;
				GENERATE_INFOPLIST_FILE = YES;
				INFOPLIST_KEY_NSHumanReadableCopyright = "";
				LD_RUNPATH_SEARCH_PATHS = (
					"$(inherited)",
					"@executable_path/../Frameworks",
				);
				MARKETING_VERSION = 1.0;
				PRODUCT_BUNDLE_IDENTIFIER = com.xuzhaowen.ClaudeGUI;
				PRODUCT_NAME = "$(TARGET_NAME)";
				SWIFT_EMIT_LOC_STRINGS = YES;
				SWIFT_VERSION = 5.0;
			};
			name = Debug;
		};
		E7B6C08412345678 /* Release */ = {
			isa = XCBuildConfiguration;
			buildSettings = {
				CODE_SIGN_ENTITLEMENTS = ClaudeGUI/ClaudeGUI.entitlements;
				CODE_SIGN_STYLE = Automatic;
				COMBINE_HIDPI_IMAGES = YES;
				CURRENT_PROJECT_VERSION = 1;
				GENERATE_INFOPLIST_FILE = YES;
				INFOPLIST_KEY_NSHumanReadableCopyright = "";
				LD_RUNPATH_SEARCH_PATHS = (
					"$(inherited)",
					"@executable_path/../Frameworks",
				);
				MARKETING_VERSION = 1.0;
				PRODUCT_BUNDLE_IDENTIFIER = com.xuzhaowen.ClaudeGUI;
				PRODUCT_NAME = "$(TARGET_NAME)";
				SWIFT_EMIT_LOC_STRINGS = YES;
				SWIFT_VERSION = 5.0;
			};
			name = Release;
		};
/* End XCBuildConfiguration section */

/* Begin XCConfigurationList section */
		E7B6C0D712345678 /* Build configuration list for PBXProject "ClaudeGUI" */ = {
			isa = XCConfigurationList;
			buildConfigurations = (
				E7B6C0D612345678 /* Debug */,
				E7B6C0D812345678 /* Release */,
			);
			defaultConfigurationIsVisible = 0;
			defaultConfigurationName = Release;
		};
		E7B6C08212345678 /* Build configuration list for PBXNativeTarget "ClaudeGUI" */ = {
			isa = XCConfigurationList;
			buildConfigurations = (
				E7B6C08312345678 /* Debug */,
				E7B6C08412345678 /* Release */,
			);
			defaultConfigurationIsVisible = 0;
			defaultConfigurationName = Release;
		};
/* End XCConfigurationList section */

/* Begin XCLocalSwiftPackageReference section */
		E7B6C30012345678 /* XCLocalSwiftPackageReference "SwiftTerm" */ = {
			isa = XCLocalSwiftPackageReference;
			relativePath = ./LocalSwiftTerm;
		};
/* End XCLocalSwiftPackageReference section */

/* Begin XCSwiftPackageProductDependency section */
		E7B6C20012345678 /* SwiftTerm */ = {
			isa = XCSwiftPackageProductDependency;
			package = E7B6C30012345678 /* XCLocalSwiftPackageReference "SwiftTerm" */;
			productName = SwiftTerm;
		};
/* End XCSwiftPackageProductDependency section */
	};
	rootObject = E7B6C0D012345678 /* Project object */;
}
